
Microsoft Visual Studio Solution File, Format Version 12.00
# Visual Studio 15
VisualStudioVersion = 15.0.28307.757
MinimumVisualStudioVersion = 10.0.40219.1
Project("{FAE04EC0-301F-11D3-BF4B-00C04F79EFBC}") = "Task_Scheduler_FrontEnd", "Task_Scheduler_FrontEnd\Task_Scheduler_FrontEnd.csproj", "{678CBC95-005E-45FA-969B-169189F1D12C}"
EndProject
Project("{FAE04EC0-301F-11D3-BF4B-00C04F79EFBC}") = "Task_scheduler_Api", "Task_scheduler_Api\Task_scheduler_Api.csproj", "{1051AFE3-1D02-4486-BE2A-C8D46CE802B2}"
EndProject
Global
	GlobalSection(SolutionConfigurationPlatforms) = preSolution
		Debug|Any CPU = Debug|Any CPU
		Release|Any CPU = Release|Any CPU
	EndGlobalSection
	GlobalSection(ProjectConfigurationPlatforms) = postSolution
		{678CBC95-005E-45FA-969B-169189F1D12C}.Debug|Any CPU.ActiveCfg = Debug|Any CPU
		{678CBC95-005E-45FA-969B-169189F1D12C}.Debug|Any CPU.Build.0 = Debug|Any CPU
		{678CBC95-005E-45FA-969B-169189F1D12C}.Release|Any CPU.ActiveCfg = Release|Any CPU
		{678CBC95-005E-45FA-969B-169189F1D12C}.Release|Any CPU.Build.0 = Release|Any CPU
		{1051AFE3-1D02-4486-BE2A-C8D46CE802B2}.Debug|Any CPU.ActiveCfg = Debug|Any CPU
		{1051AFE3-1D02-4486-BE2A-C8D46CE802B2}.Debug|Any CPU.Build.0 = Debug|Any CPU
		{1051AFE3-1D02-4486-BE2A-C8D46CE802B2}.Release|Any CPU.ActiveCfg = Release|Any CPU
		{1051AFE3-1D02-4486-BE2A-C8D46CE802B2}.Release|Any CPU.Build.0 = Release|Any CPU
	EndGlobalSection
	GlobalSection(SolutionProperties) = preSolution
		HideSolutionNode = FALSE
	EndGlobalSection
	GlobalSection(ExtensibilityGlobals) = postSolution
		SolutionGuid = {20B11C90-FD89-43D0-AC08-EA8FAEE67076}
	EndGlobalSection
EndGlobal
